# generated by rye
# use `rye lock` or `rye sync` to update this lockfile
#
# last locked with the following flags:
#   pre: false
#   features: []
#   all-features: false
#   with-sources: false
#   generate-hashes: false
#   universal: false

-e file:.
aiofiles==24.1.0
    # via mgmt-agent-exp
alembic==1.16.5
    # via mgmt-agent-exp
annotated-types==0.7.0
    # via pydantic
anthropic==0.69.0
    # via mgmt-agent-exp
anyio==4.11.0
    # via anthropic
    # via httpx
    # via openai
    # via starlette
    # via watchfiles
bcrypt==5.0.0
    # via mgmt-agent-exp
black==25.9.0
certifi==2025.8.3
    # via httpcore
    # via httpx
cffi==2.0.0
    # via cryptography
click==8.3.0
    # via black
    # via uvicorn
colorama==0.4.6
    # via click
    # via pytest
    # via tqdm
    # via uvicorn
coverage==7.10.7
    # via pytest-cov
cryptography==46.0.1
    # via mgmt-agent-exp
distro==1.9.0
    # via anthropic
    # via openai
dnspython==2.8.0
    # via pymongo
docstring-parser==0.17.0
    # via anthropic
fastapi==0.118.0
    # via mgmt-agent-exp
flake8==7.3.0
greenlet==3.2.4
    # via sqlalchemy
h11==0.16.0
    # via httpcore
    # via uvicorn
httpcore==1.0.9
    # via httpx
httptools==0.6.4
    # via uvicorn
httpx==0.28.1
    # via anthropic
    # via mgmt-agent-exp
    # via openai
idna==3.10
    # via anyio
    # via httpx
iniconfig==2.1.0
    # via pytest
isort==6.0.1
jinja2==3.1.6
    # via mgmt-agent-exp
jiter==0.11.0
    # via anthropic
    # via openai
mako==1.3.10
    # via alembic
markupsafe==3.0.3
    # via jinja2
    # via mako
mccabe==0.7.0
    # via flake8
motor==3.7.1
    # via mgmt-agent-exp
mypy==1.18.2
mypy-extensions==1.1.0
    # via black
    # via mypy
openai==1.109.1
    # via mgmt-agent-exp
packaging==25.0
    # via black
    # via pytest
pathspec==0.12.1
    # via black
    # via mypy
platformdirs==4.4.0
    # via black
pluggy==1.6.0
    # via pytest
    # via pytest-cov
pycodestyle==2.14.0
    # via flake8
pycparser==2.23
    # via cffi
pydantic==2.11.9
    # via anthropic
    # via fastapi
    # via mgmt-agent-exp
    # via openai
    # via pydantic-settings
pydantic-core==2.33.2
    # via pydantic
pydantic-settings==2.11.0
    # via mgmt-agent-exp
pyflakes==3.4.0
    # via flake8
pygments==2.19.2
    # via pytest
pymongo==4.15.1
    # via motor
pytest==8.4.2
    # via pytest-asyncio
    # via pytest-cov
pytest-asyncio==1.2.0
pytest-cov==7.0.0
python-dotenv==1.1.1
    # via mgmt-agent-exp
    # via pydantic-settings
    # via uvicorn
python-multipart==0.0.20
    # via mgmt-agent-exp
pytokens==0.1.10
    # via black
pyyaml==6.0.3
    # via uvicorn
sniffio==1.3.1
    # via anthropic
    # via anyio
    # via openai
sqlalchemy==2.0.43
    # via alembic
    # via mgmt-agent-exp
starlette==0.48.0
    # via fastapi
tqdm==4.67.1
    # via openai
typing-extensions==4.15.0
    # via alembic
    # via anthropic
    # via anyio
    # via fastapi
    # via mypy
    # via openai
    # via pydantic
    # via pydantic-core
    # via pytest-asyncio
    # via sqlalchemy
    # via starlette
    # via typing-inspection
typing-inspection==0.4.1
    # via pydantic
    # via pydantic-settings
uvicorn==0.37.0
    # via mgmt-agent-exp
watchfiles==1.1.0
    # via uvicorn
websockets==15.0.1
    # via mgmt-agent-exp
    # via uvicorn
